
Microsoft Visual Studio Solution File, Format Version 12.00
# Visual Studio Version 16
VisualStudioVersion = 25.0.1706.4
MinimumVisualStudioVersion = 10.0.40219.1
Project("{FAE04EC0-301F-11D3-BF4B-00C04F79EFBC}") = "QuickSort.Api", "QuickSort.Api\QuickSort.Api.csproj", "{8F6F5E06-08F0-4113-A63C-2FBA07C491FC}"
EndProject
Project("{FAE04EC0-301F-11D3-BF4B-00C04F79EFBC}") = "QuickSort.Domain", "QuickSort.Domain\QuickSort.Domain.csproj", "{B8AB0945-D7BB-48F0-A559-2F14843BAF91}"
EndProject
Project("{FAE04EC0-301F-11D3-BF4B-00C04F79EFBC}") = "QuickSort.Test", "QuickSort.Test\QuickSort.Test.csproj", "{D436C4A2-AAF7-4385-A7DC-3F01B6B0BA36}"
EndProject
Global
	GlobalSection(SolutionConfigurationPlatforms) = preSolution
		Debug|Any CPU = Debug|Any CPU
		Release|Any CPU = Release|Any CPU
	EndGlobalSection
	GlobalSection(ProjectConfigurationPlatforms) = postSolution
		{8F6F5E06-08F0-4113-A63C-2FBA07C491FC}.Debug|Any CPU.ActiveCfg = Debug|Any CPU
		{8F6F5E06-08F0-4113-A63C-2FBA07C491FC}.Debug|Any CPU.Build.0 = Debug|Any CPU
		{8F6F5E06-08F0-4113-A63C-2FBA07C491FC}.Release|Any CPU.ActiveCfg = Release|Any CPU
		{8F6F5E06-08F0-4113-A63C-2FBA07C491FC}.Release|Any CPU.Build.0 = Release|Any CPU
		{B8AB0945-D7BB-48F0-A559-2F14843BAF91}.Debug|Any CPU.ActiveCfg = Debug|Any CPU
		{B8AB0945-D7BB-48F0-A559-2F14843BAF91}.Debug|Any CPU.Build.0 = Debug|Any CPU
		{B8AB0945-D7BB-48F0-A559-2F14843BAF91}.Release|Any CPU.ActiveCfg = Release|Any CPU
		{B8AB0945-D7BB-48F0-A559-2F14843BAF91}.Release|Any CPU.Build.0 = Release|Any CPU
		{D436C4A2-AAF7-4385-A7DC-3F01B6B0BA36}.Debug|Any CPU.ActiveCfg = Debug|Any CPU
		{D436C4A2-AAF7-4385-A7DC-3F01B6B0BA36}.Debug|Any CPU.Build.0 = Debug|Any CPU
		{D436C4A2-AAF7-4385-A7DC-3F01B6B0BA36}.Release|Any CPU.ActiveCfg = Release|Any CPU
		{D436C4A2-AAF7-4385-A7DC-3F01B6B0BA36}.Release|Any CPU.Build.0 = Release|Any CPU
	EndGlobalSection
	GlobalSection(SolutionProperties) = preSolution
		HideSolutionNode = FALSE
	EndGlobalSection
	GlobalSection(ExtensibilityGlobals) = postSolution
		SolutionGuid = {F5BB232C-B1CA-41A0-943E-B308751001A9}
	EndGlobalSection
EndGlobal
